
Microsoft Visual Studio Solution File, Format Version 12.00
# Visual Studio Version 17
VisualStudioVersion = 17.8.34316.72
MinimumVisualStudioVersion = 10.0.40219.1
Project("{F2A71F9B-5D33-465A-A702-920D77279786}") = "SeqSharp", "src\SeqSharp.fsproj", "{6582DECB-086E-4312-A6FD-0593FC3DD9A4}"
EndProject
Global
	GlobalSection(SolutionConfigurationPlatforms) = preSolution
		Debug|Any CPU = Debug|Any CPU
		Release|Any CPU = Release|Any CPU
	EndGlobalSection
	GlobalSection(ProjectConfigurationPlatforms) = postSolution
		{6582DECB-086E-4312-A6FD-0593FC3DD9A4}.Debug|Any CPU.ActiveCfg = Debug|Any CPU
		{6582DECB-086E-4312-A6FD-0593FC3DD9A4}.Debug|Any CPU.Build.0 = Debug|Any CPU
		{6582DECB-086E-4312-A6FD-0593FC3DD9A4}.Release|Any CPU.ActiveCfg = Release|Any CPU
		{6582DECB-086E-4312-A6FD-0593FC3DD9A4}.Release|Any CPU.Build.0 = Release|Any CPU
	EndGlobalSection
	GlobalSection(SolutionProperties) = preSolution
		HideSolutionNode = FALSE
	EndGlobalSection
	GlobalSection(ExtensibilityGlobals) = postSolution
		SolutionGuid = {53F668C1-4064-464D-8BBA-7B5C49B571EC}
	EndGlobalSection
EndGlobal
